
Microsoft Visual Studio Solution File, Format Version 10.00
# Visual Studio 2008
Project("{FAE04EC0-301F-11D3-BF4B-00C04F79EFBC}") = "ForeachExample", "ForeachExample\ForeachExample.csproj", "{028BB607-60D3-4DE9-A3F9-EB8FFF8F9B4F}"
EndProject
Global
	GlobalSection(SolutionConfigurationPlatforms) = preSolution
		Debug|Any CPU = Debug|Any CPU
		Release|Any CPU = Release|Any CPU
	EndGlobalSection
	GlobalSection(ProjectConfigurationPlatforms) = postSolution
		{028BB607-60D3-4DE9-A3F9-EB8FFF8F9B4F}.Debug|Any CPU.ActiveCfg = Debug|Any CPU
		{028BB607-60D3-4DE9-A3F9-EB8FFF8F9B4F}.Debug|Any CPU.Build.0 = Debug|Any CPU
		{028BB607-60D3-4DE9-A3F9-EB8FFF8F9B4F}.Release|Any CPU.ActiveCfg = Release|Any CPU
		{028BB607-60D3-4DE9-A3F9-EB8FFF8F9B4F}.Release|Any CPU.Build.0 = Release|Any CPU
	EndGlobalSection
	GlobalSection(SolutionProperties) = preSolution
		HideSolutionNode = FALSE
	EndGlobalSection
EndGlobal
